
Microsoft Visual Studio Solution File, Format Version 12.00
# Visual Studio Version 17
VisualStudioVersion = 17.0.31903.59
MinimumVisualStudioVersion = 10.0.40219.1
Project("{FAE04EC0-301F-11D3-BF4B-00C04F79EFBC}") = "Derivco.PlayerApi", "Derivco.PlayerApi\Derivco.PlayerApi.csproj", "{AAA6386E-7EFB-44AB-BFBD-9E1262E5373A}"
EndProject
Project("{FAE04EC0-301F-11D3-BF4B-00C04F79EFBC}") = "Derivco.PlayerApi.Tests", "Derivco.PlayerApi.Tests\Derivco.PlayerApi.Tests.csproj", "{1003925C-D6AD-480B-A7C3-672695122F13}"
EndProject
Global
	GlobalSection(SolutionConfigurationPlatforms) = preSolution
		Debug|Any CPU = Debug|Any CPU
		Debug|x64 = Debug|x64
		Debug|x86 = Debug|x86
		Release|Any CPU = Release|Any CPU
		Release|x64 = Release|x64
		Release|x86 = Release|x86
	EndGlobalSection
	GlobalSection(ProjectConfigurationPlatforms) = postSolution
		{AAA6386E-7EFB-44AB-BFBD-9E1262E5373A}.Debug|Any CPU.ActiveCfg = Debug|Any CPU
		{AAA6386E-7EFB-44AB-BFBD-9E1262E5373A}.Debug|Any CPU.Build.0 = Debug|Any CPU
		{AAA6386E-7EFB-44AB-BFBD-9E1262E5373A}.Debug|x64.ActiveCfg = Debug|Any CPU
		{AAA6386E-7EFB-44AB-BFBD-9E1262E5373A}.Debug|x64.Build.0 = Debug|Any CPU
		{AAA6386E-7EFB-44AB-BFBD-9E1262E5373A}.Debug|x86.ActiveCfg = Debug|Any CPU
		{AAA6386E-7EFB-44AB-BFBD-9E1262E5373A}.Debug|x86.Build.0 = Debug|Any CPU
		{AAA6386E-7EFB-44AB-BFBD-9E1262E5373A}.Release|Any CPU.ActiveCfg = Release|Any CPU
		{AAA6386E-7EFB-44AB-BFBD-9E1262E5373A}.Release|Any CPU.Build.0 = Release|Any CPU
		{AAA6386E-7EFB-44AB-BFBD-9E1262E5373A}.Release|x64.ActiveCfg = Release|Any CPU
		{AAA6386E-7EFB-44AB-BFBD-9E1262E5373A}.Release|x64.Build.0 = Release|Any CPU
		{AAA6386E-7EFB-44AB-BFBD-9E1262E5373A}.Release|x86.ActiveCfg = Release|Any CPU
		{AAA6386E-7EFB-44AB-BFBD-9E1262E5373A}.Release|x86.Build.0 = Release|Any CPU
		{1003925C-D6AD-480B-A7C3-672695122F13}.Debug|Any CPU.ActiveCfg = Debug|Any CPU
		{1003925C-D6AD-480B-A7C3-672695122F13}.Debug|Any CPU.Build.0 = Debug|Any CPU
		{1003925C-D6AD-480B-A7C3-672695122F13}.Debug|x64.ActiveCfg = Debug|Any CPU
		{1003925C-D6AD-480B-A7C3-672695122F13}.Debug|x64.Build.0 = Debug|Any CPU
		{1003925C-D6AD-480B-A7C3-672695122F13}.Debug|x86.ActiveCfg = Debug|Any CPU
		{1003925C-D6AD-480B-A7C3-672695122F13}.Debug|x86.Build.0 = Debug|Any CPU
		{1003925C-D6AD-480B-A7C3-672695122F13}.Release|Any CPU.ActiveCfg = Release|Any CPU
		{1003925C-D6AD-480B-A7C3-672695122F13}.Release|Any CPU.Build.0 = Release|Any CPU
		{1003925C-D6AD-480B-A7C3-672695122F13}.Release|x64.ActiveCfg = Release|Any CPU
		{1003925C-D6AD-480B-A7C3-672695122F13}.Release|x64.Build.0 = Release|Any CPU
		{1003925C-D6AD-480B-A7C3-672695122F13}.Release|x86.ActiveCfg = Release|Any CPU
		{1003925C-D6AD-480B-A7C3-672695122F13}.Release|x86.Build.0 = Release|Any CPU
	EndGlobalSection
	GlobalSection(SolutionProperties) = preSolution
		HideSolutionNode = FALSE
	EndGlobalSection
EndGlobal
